
Microsoft Visual Studio Solution File, Format Version 12.00
# Visual Studio Version 17
VisualStudioVersion = 17.8.34330.188
MinimumVisualStudioVersion = 10.0.40219.1
Project("{FAE04EC0-301F-11D3-BF4B-00C04F79EFBC}") = "CardBrowser", "CardBrowser\CardBrowser.csproj", "{3C9050C8-5A56-481F-AB20-72625507EA2E}"
EndProject
Project("{FAE04EC0-301F-11D3-BF4B-00C04F79EFBC}") = "PCSC", "PCSC\PCSC.csproj", "{28B8C74F-7F09-44F2-9590-B2DDAD1C1887}"
EndProject
Global
	GlobalSection(SolutionConfigurationPlatforms) = preSolution
		Debug|Any CPU = Debug|Any CPU
		Debug|Mixed Platforms = Debug|Mixed Platforms
		Debug|x86 = Debug|x86
		Release|Any CPU = Release|Any CPU
		Release|Mixed Platforms = Release|Mixed Platforms
		Release|x86 = Release|x86
	EndGlobalSection
	GlobalSection(ProjectConfigurationPlatforms) = postSolution
		{3C9050C8-5A56-481F-AB20-72625507EA2E}.Debug|Any CPU.ActiveCfg = Debug|Any CPU
		{3C9050C8-5A56-481F-AB20-72625507EA2E}.Debug|Any CPU.Build.0 = Debug|Any CPU
		{3C9050C8-5A56-481F-AB20-72625507EA2E}.Debug|Mixed Platforms.ActiveCfg = Debug|Any CPU
		{3C9050C8-5A56-481F-AB20-72625507EA2E}.Debug|Mixed Platforms.Build.0 = Debug|Any CPU
		{3C9050C8-5A56-481F-AB20-72625507EA2E}.Debug|x86.ActiveCfg = Debug|Any CPU
		{3C9050C8-5A56-481F-AB20-72625507EA2E}.Release|Any CPU.ActiveCfg = Release|Any CPU
		{3C9050C8-5A56-481F-AB20-72625507EA2E}.Release|Any CPU.Build.0 = Release|Any CPU
		{3C9050C8-5A56-481F-AB20-72625507EA2E}.Release|Mixed Platforms.ActiveCfg = Release|Any CPU
		{3C9050C8-5A56-481F-AB20-72625507EA2E}.Release|Mixed Platforms.Build.0 = Release|Any CPU
		{3C9050C8-5A56-481F-AB20-72625507EA2E}.Release|x86.ActiveCfg = Release|Any CPU
		{28B8C74F-7F09-44F2-9590-B2DDAD1C1887}.Debug|Any CPU.ActiveCfg = Debug|Any CPU
		{28B8C74F-7F09-44F2-9590-B2DDAD1C1887}.Debug|Any CPU.Build.0 = Debug|Any CPU
		{28B8C74F-7F09-44F2-9590-B2DDAD1C1887}.Debug|Mixed Platforms.ActiveCfg = Debug|Any CPU
		{28B8C74F-7F09-44F2-9590-B2DDAD1C1887}.Debug|Mixed Platforms.Build.0 = Debug|Any CPU
		{28B8C74F-7F09-44F2-9590-B2DDAD1C1887}.Debug|x86.ActiveCfg = Debug|Any CPU
		{28B8C74F-7F09-44F2-9590-B2DDAD1C1887}.Release|Any CPU.ActiveCfg = Release|Any CPU
		{28B8C74F-7F09-44F2-9590-B2DDAD1C1887}.Release|Any CPU.Build.0 = Release|Any CPU
		{28B8C74F-7F09-44F2-9590-B2DDAD1C1887}.Release|Mixed Platforms.ActiveCfg = Release|Any CPU
		{28B8C74F-7F09-44F2-9590-B2DDAD1C1887}.Release|Mixed Platforms.Build.0 = Release|Any CPU
		{28B8C74F-7F09-44F2-9590-B2DDAD1C1887}.Release|x86.ActiveCfg = Release|Any CPU
	EndGlobalSection
	GlobalSection(SolutionProperties) = preSolution
		HideSolutionNode = FALSE
	EndGlobalSection
EndGlobal
